NeoBundleLock indentLine 7a7e36820576a2745992927b1a6889f96967daa0
NeoBundleLock lightline.vim 78c43c144643e49c529a93b9eaa4eda12614f923
NeoBundleLock molokai c67bdfcdb31415aa0ade7f8c003261700a885476
NeoBundleLock neobundle.vim 26d03781886ed887e390d4ad8b935987754b1c2c
NeoBundleLock vim-trailing-whitespace 4c596548216b7c19971f8fc94e38ef1a2b55fee6
